{
  "name": "scr-jmix",
  "requires": true,
  "lockfileVersion": 1,
  "dependencies": {
    "@haulmont/jmix-react-core": {
      "version": "file:../packages/jmix-react-core/haulmont-jmix-react-core-0.9.0-beta.1.tgz",
      "integrity": "sha512-kEHplWpPvqFL9hQsAyOgpYbl3qKssR8nhabX75wn80+rmsr7s3kLd1gi02/Hto2Ow8jCOYCA+LMfeHoQ0ZOdyQ==",
      "requires": {
        "@haulmont/jmix-rest": "^0.9.0-beta.1",
        "moment": "^2.25.3"
      },
      "dependencies": {
        "moment": {
          "version": "2.29.1",
          "resolved": "https://registry.npmjs.org/moment/-/moment-2.29.1.tgz",
          "integrity": "sha512-kHmoybcPV8Sqy59DwNDY3Jefr64lK/by/da0ViFcuA4DH0vQg5Q6Ze5VimxkfQNSC+Mls/Kx53s7TjP1RhFEDQ=="
        }
      }
    },
    "@haulmont/jmix-react-ui": {
      "version": "file:../packages/jmix-react-ui/haulmont-jmix-react-ui-0.9.0-beta.1.tgz",
      "integrity": "sha512-E+izcXHpiocRi9mingN4A9TMvyYGR3eiFZsM3To5VrpsHNEBBylWl+VI0prc3NcmAaJlIUL5BZ8pD6myvdA6uQ==",
      "requires": {
        "@haulmont/jmix-react-core": "^0.9.0-beta.1",
        "@haulmont/jmix-rest": "^0.9.0-beta.1",
        "moment": "^2.25.3",
        "query-string": "^6.11.0"
      },
      "dependencies": {
        "moment": {
          "version": "2.29.1",
          "resolved": "https://registry.npmjs.org/moment/-/moment-2.29.1.tgz",
          "integrity": "sha512-kHmoybcPV8Sqy59DwNDY3Jefr64lK/by/da0ViFcuA4DH0vQg5Q6Ze5VimxkfQNSC+Mls/Kx53s7TjP1RhFEDQ=="
        }
      }
    },
    "@haulmont/jmix-rest": {
      "version": "file:../packages/jmix-rest/haulmont-jmix-rest-0.9.0-beta.1.tgz",
      "integrity": "sha512-8JZSUTiQGBC1O22oEYIUnsqRFafcUwTBpYqrQ2m4bLTb8n/InOEuk7L4/P4QjRcU9PN5FYV79LM21/Pb/r5KiQ=="
    },
    "@haulmont/react-ide-toolbox": {
      "version": "file:../packages/react-ide-toolbox/haulmont-react-ide-toolbox-0.1.0-beta.1.tgz",
      "integrity": "sha512-LOFjQSWC9JP7rf2CBtLt3rir2RMrDWGgkJBFDIXwUwlPDSaIPH/hA1ge1jHPIEZ8kLwn4iFZLEpzGIUSIpBI6A=="
    },
    "decode-uri-component": {
      "version": "0.2.0",
      "resolved": "https://registry.npmjs.org/decode-uri-component/-/decode-uri-component-0.2.0.tgz",
      "integrity": "sha1-6zkTMzRYd1y4TNGh+uBiEGu4dUU="
    },
    "filter-obj": {
      "version": "1.1.0",
      "resolved": "https://registry.npmjs.org/filter-obj/-/filter-obj-1.1.0.tgz",
      "integrity": "sha1-mzERErxsYSehbgFsbF1/GeCAXFs="
    },
    "query-string": {
      "version": "6.14.1",
      "resolved": "https://registry.npmjs.org/query-string/-/query-string-6.14.1.tgz",
      "integrity": "sha512-XDxAeVmpfu1/6IjyT/gXHOl+S0vQ9owggJ30hhWKdHAsNPOcasn5o9BW0eejZqL2e4vMjhAxoW3jVHcD6mbcYw==",
      "requires": {
        "decode-uri-component": "^0.2.0",
        "filter-obj": "^1.1.0",
        "split-on-first": "^1.0.0",
        "strict-uri-encode": "^2.0.0"
      }
    },
    "split-on-first": {
      "version": "1.1.0",
      "resolved": "https://registry.npmjs.org/split-on-first/-/split-on-first-1.1.0.tgz",
      "integrity": "sha512-43ZssAJaMusuKWL8sKUBQXHWOpq8d6CfN/u1p4gUzfJkM05C8rxTmYrkIPTXapZpORA6LkkzcUulJ8FqA7Uudw=="
    },
    "strict-uri-encode": {
      "version": "2.0.0",
      "resolved": "https://registry.npmjs.org/strict-uri-encode/-/strict-uri-encode-2.0.0.tgz",
      "integrity": "sha1-ucczDHBChi9rFC3CdLvMWGbONUY="
    }
  }
}
